<?xml version="1.0" encoding="utf-8"?>
<Project ToolsVersion="4.0" xmlns="http://schemas.microsoft.com/developer/msbuild/2003">
  <ItemGroup>
    <ClCompile Include="..\..\SimpleFlvParser\utils.cpp" />
    <ClCompile Include="..\..\SimpleFlvParser\simple_flv_parser.cpp" />
    <ClCompile Include="..\..\SimpleFlvParser\flv_file.cpp" />
    <ClCompile Include="..\..\SimpleFlvParser\db_output.cpp" />
    <ClCompile Include="..\..\SimpleFlvParser\text_output.cpp" />
    <ClCompile Include="..\..\SimpleFlvParser\flv_file_internal.cpp" />
    <ClCompile Include="..\..\SimpleFlvParser\amf.c" />
    <ClCompile Include="..\..\SimpleFlvParser\h264_syntax.cpp" />
    <ClCompile Include="..\..\SimpleFlvParser\demux_to_file.cpp" />
    <ClCompile Include="..\..\SimpleFlvParser\hevc_syntax.cpp" />
  </ItemGroup>
  <ItemGroup>
    <ClInclude Include="..\..\SimpleFlvParser\utils.h" />
    <ClInclude Include="..\..\SimpleFlvParser\flv_file.h" />
    <ClInclude Include="..\..\SimpleFlvParser\simple_flv_parser.h" />
    <ClInclude Include="..\..\SimpleFlvParser\output_interface.h" />
    <ClInclude Include="..\..\SimpleFlvParser\db_output.h" />
    <ClInclude Include="..\..\SimpleFlvParser\text_output.h" />
    <ClInclude Include="..\..\SimpleFlvParser\flv_file_internal.h" />
    <ClInclude Include="..\..\SimpleFlvParser\bytes.h" />
    <ClInclude Include="..\..\SimpleFlvParser\amf.h" />
    <ClInclude Include="..\..\SimpleFlvParser\h264_syntax.h" />
    <ClInclude Include="..\..\SimpleFlvParser\input_interface.h" />
    <ClInclude Include="..\..\SimpleFlvParser\demux_to_file.h" />
    <ClInclude Include="..\..\SimpleFlvParser\demux_interface.h" />
    <ClInclude Include="..\..\SimpleFlvParser\hevc_syntax.h" />
  </ItemGroup>
</Project>